
Microsoft Visual Studio Solution File, Format Version 12.00
# Visual Studio Version 16
VisualStudioVersion = 16.0.30907.101
MinimumVisualStudioVersion = 10.0.40219.1
Project("{FAE04EC0-301F-11D3-BF4B-00C04F79EFBC}") = "WebAPI-Form", "WebAPI-Form.csproj", "{92E91708-F870-4BA9-BD2D-22A41563A614}"
EndProject
Global
	GlobalSection(SolutionConfigurationPlatforms) = preSolution
		Debug|Any CPU = Debug|Any CPU
		Release|Any CPU = Release|Any CPU
	EndGlobalSection
	GlobalSection(ProjectConfigurationPlatforms) = postSolution
		{92E91708-F870-4BA9-BD2D-22A41563A614}.Debug|Any CPU.ActiveCfg = Debug|Any CPU
		{92E91708-F870-4BA9-BD2D-22A41563A614}.Debug|Any CPU.Build.0 = Debug|Any CPU
		{92E91708-F870-4BA9-BD2D-22A41563A614}.Release|Any CPU.ActiveCfg = Release|Any CPU
		{92E91708-F870-4BA9-BD2D-22A41563A614}.Release|Any CPU.Build.0 = Release|Any CPU
	EndGlobalSection
	GlobalSection(SolutionProperties) = preSolution
		HideSolutionNode = FALSE
	EndGlobalSection
	GlobalSection(ExtensibilityGlobals) = postSolution
		SolutionGuid = {7B854488-2A13-4232-92DD-3AC392935E25}
	EndGlobalSection
EndGlobal
